
Microsoft Visual Studio Solution File, Format Version 12.00
# Visual Studio 15
VisualStudioVersion = 15.0.27130.2003
MinimumVisualStudioVersion = 10.0.40219.1
Project("{8BC9CEB8-8B4A-11D0-8D11-00A0C91BC942}") = "IGR202", "IGR202\IGR202.vcxproj", "{0DE23D3D-565D-4135-BA9A-FE83BB2DB0CB}"
EndProject
Global
	GlobalSection(SolutionConfigurationPlatforms) = preSolution
		Debug|x64 = Debug|x64
		Debug|x86 = Debug|x86
		Release|x64 = Release|x64
		Release|x86 = Release|x86
	EndGlobalSection
	GlobalSection(ProjectConfigurationPlatforms) = postSolution
		{0DE23D3D-565D-4135-BA9A-FE83BB2DB0CB}.Debug|x64.ActiveCfg = Debug|x64
		{0DE23D3D-565D-4135-BA9A-FE83BB2DB0CB}.Debug|x64.Build.0 = Debug|x64
		{0DE23D3D-565D-4135-BA9A-FE83BB2DB0CB}.Debug|x86.ActiveCfg = Debug|Win32
		{0DE23D3D-565D-4135-BA9A-FE83BB2DB0CB}.Debug|x86.Build.0 = Debug|Win32
		{0DE23D3D-565D-4135-BA9A-FE83BB2DB0CB}.Release|x64.ActiveCfg = Release|x64
		{0DE23D3D-565D-4135-BA9A-FE83BB2DB0CB}.Release|x64.Build.0 = Release|x64
		{0DE23D3D-565D-4135-BA9A-FE83BB2DB0CB}.Release|x86.ActiveCfg = Release|Win32
		{0DE23D3D-565D-4135-BA9A-FE83BB2DB0CB}.Release|x86.Build.0 = Release|Win32
	EndGlobalSection
	GlobalSection(SolutionProperties) = preSolution
		HideSolutionNode = FALSE
	EndGlobalSection
	GlobalSection(ExtensibilityGlobals) = postSolution
		SolutionGuid = {FC7039AE-3B61-40FA-9E63-A285B03CF608}
	EndGlobalSection
EndGlobal
